# This file is automatically @generated by Cargo.
# It is not intended for manual editing.
version = 4

[[package]]
name = "kt-auth"
version = "0.1.0"

[[package]]
name = "kt-certs"
version = "0.1.0"

[[package]]
name = "kt-cli"
version = "0.1.0"

[[package]]
name = "kt-daemon"
version = "0.1.0"

[[package]]
name = "kt-mcp"
version = "0.1.0"

[[package]]
name = "kt-mdns"
version = "0.1.0"

[[package]]
name = "kt-registry"
version = "0.1.0"

[[package]]
name = "kt-server"
version = "0.1.0"

[[package]]
name = "kt-store"
version = "0.1.0"

[[package]]
name = "kt-tunnel-proto"
version = "0.1.0"

[[package]]
name = "kt-types"
version = "0.1.0"
